
Microsoft Visual Studio Solution File, Format Version 12.00
# Visual Studio Version 17
VisualStudioVersion = 17.14.36429.23
MinimumVisualStudioVersion = 10.0.40219.1
Project("{FAE04EC0-301F-11D3-BF4B-00C04F79EFBC}") = "BootCamp2_6weekEnd", "BootCamp2_6weekEnd.csproj", "{5FE60FCE-E24B-4AB9-BB8A-B2603906267D}"
EndProject
Project("{FAE04EC0-301F-11D3-BF4B-00C04F79EFBC}") = "BootCamp2_6Api", "..\BootCamp2_6Api\BootCamp2_6Api.csproj", "{0771BD4C-7BB1-44A3-B984-BFDD353680B8}"
EndProject
Global
	GlobalSection(SolutionConfigurationPlatforms) = preSolution
		Debug|Any CPU = Debug|Any CPU
		Release|Any CPU = Release|Any CPU
	EndGlobalSection
	GlobalSection(ProjectConfigurationPlatforms) = postSolution
		{5FE60FCE-E24B-4AB9-BB8A-B2603906267D}.Debug|Any CPU.ActiveCfg = Debug|Any CPU
		{5FE60FCE-E24B-4AB9-BB8A-B2603906267D}.Debug|Any CPU.Build.0 = Debug|Any CPU
		{5FE60FCE-E24B-4AB9-BB8A-B2603906267D}.Release|Any CPU.ActiveCfg = Release|Any CPU
		{5FE60FCE-E24B-4AB9-BB8A-B2603906267D}.Release|Any CPU.Build.0 = Release|Any CPU
		{0771BD4C-7BB1-44A3-B984-BFDD353680B8}.Debug|Any CPU.ActiveCfg = Debug|Any CPU
		{0771BD4C-7BB1-44A3-B984-BFDD353680B8}.Debug|Any CPU.Build.0 = Debug|Any CPU
		{0771BD4C-7BB1-44A3-B984-BFDD353680B8}.Release|Any CPU.ActiveCfg = Release|Any CPU
		{0771BD4C-7BB1-44A3-B984-BFDD353680B8}.Release|Any CPU.Build.0 = Release|Any CPU
	EndGlobalSection
	GlobalSection(SolutionProperties) = preSolution
		HideSolutionNode = FALSE
	EndGlobalSection
	GlobalSection(ExtensibilityGlobals) = postSolution
		SolutionGuid = {DB83800F-80B1-49AD-B656-896ED4383A13}
	EndGlobalSection
EndGlobal
